
Microsoft Visual Studio Solution File, Format Version 12.00
# Visual Studio 2012
Project("{FAE04EC0-301F-11D3-BF4B-00C04F79EFBC}") = "JsonClient", "JsonClient\JsonClient.csproj", "{AF059818-7F8C-43D8-A322-1E2207A7CF78}"
EndProject
Project("{2150E333-8FDC-42A3-9474-1A3956D46DE8}") = "Application", "Application", "{F170C8E0-8908-429D-8406-8B94505B0CA7}"
EndProject
Project("{FAE04EC0-301F-11D3-BF4B-00C04F79EFBC}") = "JsonClient", "Application\JsonClient\JsonClient.csproj", "{E2C0A395-91BE-4FE8-90AD-6F74FBEDB9F8}"
EndProject
Project("{2150E333-8FDC-42A3-9474-1A3956D46DE8}") = ".nuget", ".nuget", "{E201EE85-00DB-49C2-B42D-D2003EF2F597}"
	ProjectSection(SolutionItems) = preProject
		.nuget\NuGet.Config = .nuget\NuGet.Config
		.nuget\NuGet.exe = .nuget\NuGet.exe
		.nuget\NuGet.targets = .nuget\NuGet.targets
	EndProjectSection
EndProject
Project("{2150E333-8FDC-42A3-9474-1A3956D46DE8}") = "Tests", "Tests", "{D3F16DA1-80CB-4F42-8D10-2EF1B62A76EA}"
EndProject
Project("{FAE04EC0-301F-11D3-BF4B-00C04F79EFBC}") = "JsonClient.Tests", "Tests\JsonClient.Tests\JsonClient.Tests.csproj", "{31BDB557-6361-40F1-902F-5A5D02291E3C}"
EndProject
Project("{FAE04EC0-301F-11D3-BF4B-00C04F79EFBC}") = "JsonClientLite", "JsonClientLite\JsonClientLite.csproj", "{1DA948A2-A59C-45E7-B314-C7A39958FCE1}"
EndProject
Project("{2150E333-8FDC-42A3-9474-1A3956D46DE8}") = "Solution Items", "Solution Items", "{9E7D1246-A0D4-431E-AD32-950DBB19C610}"
	ProjectSection(SolutionItems) = preProject
		Requirements.txt = Requirements.txt
		SharedAssemblyInfo.cs = SharedAssemblyInfo.cs
	EndProjectSection
EndProject
Global
	GlobalSection(SolutionConfigurationPlatforms) = preSolution
		Debug|Any CPU = Debug|Any CPU
		Release|Any CPU = Release|Any CPU
	EndGlobalSection
	GlobalSection(ProjectConfigurationPlatforms) = postSolution
		{AF059818-7F8C-43D8-A322-1E2207A7CF78}.Debug|Any CPU.ActiveCfg = Debug|Any CPU
		{AF059818-7F8C-43D8-A322-1E2207A7CF78}.Debug|Any CPU.Build.0 = Debug|Any CPU
		{AF059818-7F8C-43D8-A322-1E2207A7CF78}.Release|Any CPU.ActiveCfg = Release|Any CPU
		{AF059818-7F8C-43D8-A322-1E2207A7CF78}.Release|Any CPU.Build.0 = Release|Any CPU
		{E2C0A395-91BE-4FE8-90AD-6F74FBEDB9F8}.Debug|Any CPU.ActiveCfg = Debug|Any CPU
		{E2C0A395-91BE-4FE8-90AD-6F74FBEDB9F8}.Debug|Any CPU.Build.0 = Debug|Any CPU
		{E2C0A395-91BE-4FE8-90AD-6F74FBEDB9F8}.Release|Any CPU.ActiveCfg = Release|Any CPU
		{E2C0A395-91BE-4FE8-90AD-6F74FBEDB9F8}.Release|Any CPU.Build.0 = Release|Any CPU
		{31BDB557-6361-40F1-902F-5A5D02291E3C}.Debug|Any CPU.ActiveCfg = Debug|Any CPU
		{31BDB557-6361-40F1-902F-5A5D02291E3C}.Debug|Any CPU.Build.0 = Debug|Any CPU
		{31BDB557-6361-40F1-902F-5A5D02291E3C}.Release|Any CPU.ActiveCfg = Release|Any CPU
		{31BDB557-6361-40F1-902F-5A5D02291E3C}.Release|Any CPU.Build.0 = Release|Any CPU
		{1DA948A2-A59C-45E7-B314-C7A39958FCE1}.Debug|Any CPU.ActiveCfg = Debug|Any CPU
		{1DA948A2-A59C-45E7-B314-C7A39958FCE1}.Debug|Any CPU.Build.0 = Debug|Any CPU
		{1DA948A2-A59C-45E7-B314-C7A39958FCE1}.Release|Any CPU.ActiveCfg = Release|Any CPU
		{1DA948A2-A59C-45E7-B314-C7A39958FCE1}.Release|Any CPU.Build.0 = Release|Any CPU
	EndGlobalSection
	GlobalSection(SolutionProperties) = preSolution
		HideSolutionNode = FALSE
	EndGlobalSection
	GlobalSection(NestedProjects) = preSolution
		{E2C0A395-91BE-4FE8-90AD-6F74FBEDB9F8} = {F170C8E0-8908-429D-8406-8B94505B0CA7}
		{31BDB557-6361-40F1-902F-5A5D02291E3C} = {D3F16DA1-80CB-4F42-8D10-2EF1B62A76EA}
	EndGlobalSection
EndGlobal
